{
  "nodes": {
    "nixly_launcher_src": {
      "flake": false,
      "locked": {
        "lastModified": 1777830702,
        "narHash": "sha256-UCRwn0NsRq17PC+pWGtu55NFyML0ZCyBpOqLDv4ahl8=",
        "path": "/home/total/nixly_launcher",
        "type": "path"
      },
      "original": {
        "path": "/home/total/nixly_launcher",
        "type": "path"
      }
    },
    "nixpkgs": {
      "locked": {
        "lastModified": 1777578337,
        "narHash": "sha256-Ad49moKWeXtKBJNy2ebiTQUEgdLyvGmTeykAQ9xM+Z4=",
        "owner": "NixOS",
        "repo": "nixpkgs",
        "rev": "15f4ee454b1dce334612fa6843b3e05cf546efab",
        "type": "github"
      },
      "original": {
        "owner": "NixOS",
        "ref": "nixos-unstable",
        "repo": "nixpkgs",
        "type": "github"
      }
    },
    "root": {
      "inputs": {
        "nixly_launcher_src": "nixly_launcher_src",
        "nixpkgs": "nixpkgs"
      }
    }
  },
  "root": "root",
  "version": 7
}
