{
  "nodes": {
    "cachy-config": {
      "flake": false,
      "locked": {
        "lastModified": 1788438288,
        "narHash": "sha256-pUdwihFQ4nUWLVkk2jNC6G6WtDBOGiRotPxo5lmoxw8=",
        "owner": "CachyOS",
        "repo": "linux-cachyos",
        "rev": "bf83c8e65c1e801fb6ed4734824dbee4a73031be",
        "type": "github"
      },
      "original": {
        "owner": "CachyOS",
        "repo": "linux-cachyos",
        "type": "github"
      }
    },
    "cachy-patches": {
      "flake": false,
      "locked": {
        "lastModified": 1788203658,
        "narHash": "sha256-mRiapdEyC+wy3gNH9UVDnyOQixpbKV3Yc9RhEL7dMr4=",
        "owner": "CachyOS",
        "repo": "kernel-patches",
        "rev": "c3555d2ea83e22259652d5ad4b42036fd57b94f4",
        "type": "github"
      },
      "original": {
        "owner": "CachyOS",
        "repo": "kernel-patches",
        "type": "github"
      }
    },
    "crane": {
      "locked": {
        "lastModified": 1789760033,
        "narHash": "sha256-jtT4yxZpR8seYnlCMMWSSPlFN92zO6ICuZ8pJrmi86k=",
        "owner": "ipetkov",
        "repo": "crane",
        "rev": "73b980519cefc727a5f6cc8e5c0947a2f9be6edd",
        "type": "github"
      },
      "original": {
        "owner": "ipetkov",
        "repo": "crane",
        "type": "github"
      }
    },
    "flake-compat": {
      "flake": false,
      "locked": {
        "lastModified": 1767039857,
        "narHash": "sha256-vNpUSpF5Nuw8xvDLj2KCwwksIbjua2LZCqhV1LNRDns=",
        "owner": "NixOS",
        "repo": "flake-compat",
        "rev": "5edf11c44bc78a0d334f6334cdaf7d60d732daab",
        "type": "github"
      },
      "original": {
        "owner": "NixOS",
        "repo": "flake-compat",
        "type": "github"
      }
    },
    "home-manager": {
      "inputs": {
        "nixpkgs": "nixpkgs"
      },
      "locked": {
        "lastModified": 1790996401,
        "narHash": "sha256-f+kOxEmOUnQazVAmGg0i8hzwgd1kX/geY+k/Dpheye8=",
        "owner": "nix-community",
        "repo": "home-manager",
        "rev": "db7d5e2332710f5abb088f6b5de927d7f9511b35",
        "type": "github"
      },
      "original": {
        "owner": "nix-community",
        "ref": "release-26.05",
        "repo": "home-manager",
        "type": "github"
      }
    },
    "lanzaboote": {
      "inputs": {
        "crane": "crane",
        "nixpkgs": "nixpkgs_2",
        "pre-commit": "pre-commit",
        "rust-overlay": "rust-overlay"
      },
      "locked": {
        "lastModified": 1790853984,
        "narHash": "sha256-v5+DBEGnMC6phAf+/Rt7EtxjIDzy+NMKdHJIFJGh5qc=",
        "owner": "nix-community",
        "repo": "lanzaboote",
        "rev": "ba33415d747d8dedd2931af107521634f1f2e8a8",
        "type": "github"
      },
      "original": {
        "owner": "nix-community",
        "repo": "lanzaboote",
        "type": "github"
      }
    },
    "linux-src": {
      "flake": false,
      "locked": {
        "lastModified": 1788437658,
        "narHash": "sha256-JJu02YuRudJozWrBQEi25psgTsjl7EQzipkdjddRtn4=",
        "owner": "CachyOS",
        "repo": "linux",
        "rev": "e2f03349d0321aa61885daab8c5a63ff3a4402a9",
        "type": "github"
      },
      "original": {
        "owner": "CachyOS",
        "ref": "cachyos-7.2.3-2",
        "repo": "linux",
        "type": "github"
      }
    },
    "mnw": {
      "locked": {
        "lastModified": 1790357809,
        "narHash": "sha256-6IWPAMEotKY/nQvs1kU6qwMwCXTeW5HlOhw2RwFHFdI=",
        "owner": "Gerg-L",
        "repo": "mnw",
        "rev": "a582dbedf7c8ec7effa6939ac5bdd23b27267d1b",
        "type": "github"
      },
      "original": {
        "owner": "Gerg-L",
        "repo": "mnw",
        "type": "github"
      }
    },
    "nixly_launcher_src": {
      "flake": false,
      "locked": {
        "lastModified": 1791046727,
        "narHash": "sha256-RYm9zua4Ig9sHCtpQiIFRWRt3H+PUXGuCkREpHJiorg=",
        "owner": "aCeTotal",
        "repo": "nixly_launcher",
        "rev": "83cb850f34885a30b82b8e3e290402c05232b949",
        "type": "github"
      },
      "original": {
        "owner": "aCeTotal",
        "repo": "nixly_launcher",
        "type": "github"
      }
    },
    "nixly_voice_src": {
      "flake": false,
      "locked": {
        "lastModified": 1790949558,
        "narHash": "sha256-sq+zco1ocr6o4c/PjqL1PsVvU6dj+BWX5Q5Kzr8rwoo=",
        "owner": "aCeTotal",
        "repo": "nixly_voice",
        "rev": "9b3262094edaf9fe8648afe20625618ea90bb82a",
        "type": "github"
      },
      "original": {
        "owner": "aCeTotal",
        "repo": "nixly_voice",
        "type": "github"
      }
    },
    "nixlyos-kernel": {
      "inputs": {
        "cachy-config": "cachy-config",
        "cachy-patches": "cachy-patches",
        "linux-src": "linux-src",
        "nixpkgs": "nixpkgs_3"
      },
      "locked": {
        "lastModified": 1788807002,
        "narHash": "sha256-Y4yYH5I8i1nuOStPWHROw/7zAf94MOydKh530QbjpYQ=",
        "owner": "aCeTotal",
        "repo": "kernel_nixlyos",
        "rev": "09a9b25fc93905a880b8caa72b06daeb5c5828a6",
        "type": "github"
      },
      "original": {
        "owner": "aCeTotal",
        "repo": "kernel_nixlyos",
        "type": "github"
      }
    },
    "nixos-hardware": {
      "inputs": {
        "nixpkgs": "nixpkgs_4"
      },
      "locked": {
        "lastModified": 1791373788,
        "narHash": "sha256-c3oMt0QoE+4yiRk6u1m2L9ogjaUw0uTGn9yk808KkgE=",
        "owner": "NixOS",
        "repo": "nixos-hardware",
        "rev": "4bc63156b109ee7b4103e3ec30565c8c92bde435",
        "type": "github"
      },
      "original": {
        "owner": "NixOS",
        "ref": "master",
        "repo": "nixos-hardware",
        "type": "github"
      }
    },
    "nixos-stable": {
      "locked": {
        "lastModified": 1791353474,
        "narHash": "sha256-v72qr4LsSz61tQki/41nHKZKPY6NSeZavtGlAInOCng=",
        "owner": "NixOS",
        "repo": "nixpkgs",
        "rev": "2efa67fd26b6df417c33e4603185c701f260dd83",
        "type": "github"
      },
      "original": {
        "owner": "NixOS",
        "ref": "nixos-26.05",
        "repo": "nixpkgs",
        "type": "github"
      }
    },
    "nixpkgs": {
      "locked": {
        "lastModified": 1790635395,
        "narHash": "sha256-bNyvoIyOCu7lzoCpWKWGIsHpTtERUWzqYWFPlN++WTw=",
        "owner": "NixOS",
        "repo": "nixpkgs",
        "rev": "7fc6f2c20af09cdcaf48b92ec3121860139ec668",
        "type": "github"
      },
      "original": {
        "owner": "NixOS",
        "ref": "nixos-26.05",
        "repo": "nixpkgs",
        "type": "github"
      }
    },
    "nixpkgs_2": {
      "locked": {
        "lastModified": 1790463110,
        "narHash": "sha256-hKlVl12B1dF0Q5vd9dY3lIJM5mFGWYSlXwSLAqHZ1+s=",
        "owner": "NixOS",
        "repo": "nixpkgs",
        "rev": "e158d9ed9b51c98974c5e66e1ba1c9e0255fecaa",
        "type": "github"
      },
      "original": {
        "owner": "NixOS",
        "ref": "nixos-unstable",
        "repo": "nixpkgs",
        "type": "github"
      }
    },
    "nixpkgs_3": {
      "locked": {
        "lastModified": 1788614874,
        "narHash": "sha256-7QYjT2vHLuX9Z1pdxHXDKCbh1CR3D/2rywB9Tx0MPRg=",
        "owner": "NixOS",
        "repo": "nixpkgs",
        "rev": "c043004d1c6985732bcc1cbc5a9c9aecbbb4e0f0",
        "type": "github"
      },
      "original": {
        "owner": "NixOS",
        "ref": "nixos-unstable",
        "repo": "nixpkgs",
        "type": "github"
      }
    },
    "nixpkgs_4": {
      "locked": {
        "lastModified": 1789546076,
        "narHash": "sha256-vWkSk5bbfTqdtMoSgD9FshACO8JCvXTFi+3cqEp0mH0=",
        "rev": "b1b875982b17dabde9b4a37f3e229e74913e6db3",
        "type": "tarball",
        "url": "https://releases.nixos.org/nixos/unstable/nixos-26.11pre1074753.b1b875982b17/nixexprs.tar.xz"
      },
      "original": {
        "type": "tarball",
        "url": "https://channels.nixos.org/nixos-unstable/nixexprs.tar.xz"
      }
    },
    "nixpkgs_5": {
      "locked": {
        "lastModified": 1791260994,
        "narHash": "sha256-Miqqk/ammqnTUxaoCyvtwoPeLbI1ksFyLxi/CazZpWY=",
        "owner": "NixOS",
        "repo": "nixpkgs",
        "rev": "151fa4e8ddfdd8dd25d945ad94ed54a13de9f6e4",
        "type": "github"
      },
      "original": {
        "owner": "NixOS",
        "ref": "nixos-unstable",
        "repo": "nixpkgs",
        "type": "github"
      }
    },
    "pre-commit": {
      "inputs": {
        "flake-compat": "flake-compat",
        "nixpkgs": [
          "lanzaboote",
          "nixpkgs"
        ]
      },
      "locked": {
        "lastModified": 1790500375,
        "narHash": "sha256-XN3sDtn8TU9hAc9xqZ+SqRB/HHm2wjxM6aSWYLJU+oo=",
        "owner": "cachix",
        "repo": "git-hooks.nix",
        "rev": "a0e4241b51206fbcbf52fd322eb5f0cd80f153c4",
        "type": "github"
      },
      "original": {
        "owner": "cachix",
        "repo": "git-hooks.nix",
        "type": "github"
      }
    },
    "root": {
      "inputs": {
        "home-manager": "home-manager",
        "lanzaboote": "lanzaboote",
        "mnw": "mnw",
        "nixly_launcher_src": "nixly_launcher_src",
        "nixly_voice_src": "nixly_voice_src",
        "nixlyos-kernel": "nixlyos-kernel",
        "nixos-hardware": "nixos-hardware",
        "nixos-stable": "nixos-stable",
        "nixpkgs": "nixpkgs_5",
        "totalvim": "totalvim"
      }
    },
    "rust-overlay": {
      "inputs": {
        "nixpkgs": [
          "lanzaboote",
          "nixpkgs"
        ]
      },
      "locked": {
        "lastModified": 1790495762,
        "narHash": "sha256-26FbceKgybcbwkIvs2yHsF5jHcWLEkITYg5g9WPSy64=",
        "owner": "oxalica",
        "repo": "rust-overlay",
        "rev": "edea2d6f98b1e5f64ce5ac21e19a96c603c20b8c",
        "type": "github"
      },
      "original": {
        "owner": "oxalica",
        "repo": "rust-overlay",
        "type": "github"
      }
    },
    "totalvim": {
      "flake": false,
      "locked": {
        "lastModified": 1785672195,
        "narHash": "sha256-6yvxNyJER18KkWSW8BHlJEpA28EaYehrRbVywdOOGuQ=",
        "owner": "aCeTotal",
        "repo": "totalvim",
        "rev": "61c32a81c73f22cf2dd8e1738272093b6017d77b",
        "type": "github"
      },
      "original": {
        "owner": "aCeTotal",
        "repo": "totalvim",
        "type": "github"
      }
    }
  },
  "root": "root",
  "version": 7
}
