{
  "nodes": {
    "aquamarine-src": {
      "flake": false,
      "locked": {
        "lastModified": 1764714051,
        "narHash": "sha256-AjcMlM3UoavFoLzr0YrcvsIxALShjyvwe+o7ikibpCM=",
        "owner": "aCeTotal",
        "repo": "aquamarine",
        "rev": "a43bedcceced5c21ad36578ed823e6099af78214",
        "type": "github"
      },
      "original": {
        "owner": "aCeTotal",
        "repo": "aquamarine",
        "type": "github"
      }
    },
    "hyprland-src": {
      "flake": false,
      "locked": {
        "lastModified": 1765456802,
        "narHash": "sha256-KAwcM3w98TxiGlBnWYxhTdHM1vZZhzeeXaEE647REZ0=",
        "owner": "aCeTotal",
        "repo": "Hyprland",
        "rev": "2ca7ad7efc1e20588af5c823ee46f23afad6cf91",
        "type": "github"
      },
      "original": {
        "owner": "aCeTotal",
        "repo": "Hyprland",
        "type": "github"
      }
    },
    "nixpkgs": {
      "locked": {
        "lastModified": 1759381078,
        "narHash": "sha256-gTrEEp5gEspIcCOx9PD8kMaF1iEmfBcTbO0Jag2QhQs=",
        "owner": "NixOS",
        "repo": "nixpkgs",
        "rev": "7df7ff7d8e00218376575f0acdcc5d66741351ee",
        "type": "github"
      },
      "original": {
        "owner": "NixOS",
        "ref": "nixos-unstable",
        "repo": "nixpkgs",
        "type": "github"
      }
    },
    "root": {
      "inputs": {
        "aquamarine-src": "aquamarine-src",
        "hyprland-src": "hyprland-src",
        "nixpkgs": "nixpkgs"
      }
    }
  },
  "root": "root",
  "version": 7
}
